Microsoft Visual Studio Solution File, Format Version 12.00
# Visual Studio Version 17
VisualStudioVersion = 17.0.31611.283
MinimumVisualStudioVersion = 10.0.40219.1
Project("{9A19103F-16F7-4668-BE54-9A1E7A4F7556}") = "RoshanTarAzAftab.Domain", "RoshanTarAzAftab.Domain\RoshanTarAzAftab.Domain.csproj", "{E8FB3EDE-CAE9-4C9B-B705-033CD5306B6B}"
EndProject
Project("{2150E333-8FDC-42A3-9474-1A3956D46DE8}") = "Shared", "Shared", "{DA6E6251-8845-4D5D-BED3-9C7A45C3D9BF}"
EndProject
Project("{9A19103F-16F7-4668-BE54-9A1E7A4F7556}") = "RoshanTarAzAftab.Shared.Abstractions", "RoshanTarAzAftab.Shared.Abstractions\RoshanTarAzAftab.Shared.Abstractions.csproj", "{7D109115-66DF-48FA-8C51-DD00DA3BC682}"
EndProject
Project("{FAE04EC0-301F-11D3-BF4B-00C04F79EFBC}") = "RoshanTarAzAftab.Application", "RoshanTarAzAftab.Application\RoshanTarAzAftab.Application.csproj", "{478DF70C-BE8B-4CFC-810F-C9B27541E7E4}"
EndProject
Project("{FAE04EC0-301F-11D3-BF4B-00C04F79EFBC}") = "RoshanTarAzAftab.API", "RoshanTarAzAftab.API\RoshanTarAzAftab.API.csproj", "{C623AB7D-F75D-41FA-8912-1AD88D29FD72}"
EndProject
Global
	GlobalSection(SolutionConfigurationPlatforms) = preSolution
		Debug|Any CPU = Debug|Any CPU
		Release|Any CPU = Release|Any CPU
	EndGlobalSection
	GlobalSection(ProjectConfigurationPlatforms) = postSolution
		{E8FB3EDE-CAE9-4C9B-B705-033CD5306B6B}.Debug|Any CPU.ActiveCfg = Debug|Any CPU
		{E8FB3EDE-CAE9-4C9B-B705-033CD5306B6B}.Debug|Any CPU.Build.0 = Debug|Any CPU
		{E8FB3EDE-CAE9-4C9B-B705-033CD5306B6B}.Release|Any CPU.ActiveCfg = Release|Any CPU
		{E8FB3EDE-CAE9-4C9B-B705-033CD5306B6B}.Release|Any CPU.Build.0 = Release|Any CPU
		{7D109115-66DF-48FA-8C51-DD00DA3BC682}.Debug|Any CPU.ActiveCfg = Debug|Any CPU
		{7D109115-66DF-48FA-8C51-DD00DA3BC682}.Debug|Any CPU.Build.0 = Debug|Any CPU
		{7D109115-66DF-48FA-8C51-DD00DA3BC682}.Release|Any CPU.ActiveCfg = Release|Any CPU
		{7D109115-66DF-48FA-8C51-DD00DA3BC682}.Release|Any CPU.Build.0 = Release|Any CPU
		{478DF70C-BE8B-4CFC-810F-C9B27541E7E4}.Debug|Any CPU.ActiveCfg = Debug|Any CPU
		{478DF70C-BE8B-4CFC-810F-C9B27541E7E4}.Debug|Any CPU.Build.0 = Debug|Any CPU
		{478DF70C-BE8B-4CFC-810F-C9B27541E7E4}.Release|Any CPU.ActiveCfg = Release|Any CPU
		{478DF70C-BE8B-4CFC-810F-C9B27541E7E4}.Release|Any CPU.Build.0 = Release|Any CPU
		{C623AB7D-F75D-41FA-8912-1AD88D29FD72}.Debug|Any CPU.ActiveCfg = Debug|Any CPU
		{C623AB7D-F75D-41FA-8912-1AD88D29FD72}.Debug|Any CPU.Build.0 = Debug|Any CPU
		{C623AB7D-F75D-41FA-8912-1AD88D29FD72}.Release|Any CPU.ActiveCfg = Release|Any CPU
		{C623AB7D-F75D-41FA-8912-1AD88D29FD72}.Release|Any CPU.Build.0 = Release|Any CPU
	EndGlobalSection
	GlobalSection(SolutionProperties) = preSolution
		HideSolutionNode = FALSE
	EndGlobalSection
	GlobalSection(NestedProjects) = preSolution
		{7D109115-66DF-48FA-8C51-DD00DA3BC682} = {DA6E6251-8845-4D5D-BED3-9C7A45C3D9BF}
	EndGlobalSection
	GlobalSection(ExtensibilityGlobals) = postSolution
		        SolutionGuid = {61F7FB11-1E47-470C-91E2-47F8143E1572}
		SolutionGuid = {19F08631-6E0E-46E3-9010-499BB66E8FC3}
	EndGlobalSection
EndGlobal
